Microsoft Visual Studio Solution File, Format Version 12.00
# Visual Studio Version 17
VisualStudioVersion = 17.6.33723.286
MinimumVisualStudioVersion = 10.0.40219.1
Project("{9A19103F-16F7-4668-BE54-9A1E7A4F7556}") = "BrutalCompanyPlus", "BrutalCompanyPlus.csproj", "{F9C79197-4CBF-4A65-A800-3AAD814BB185}"
EndProject
Global
	GlobalSection(SolutionConfigurationPlatforms) = preSolution
		Release|Any CPU = Release|Any CPU
	EndGlobalSection
	GlobalSection(ProjectConfigurationPlatforms) = postSolution
		{F9C79197-4CBF-4A65-A800-3AAD814BB185}.Release|Any CPU.ActiveCfg = Release|Any CPU
		{F9C79197-4CBF-4A65-A800-3AAD814BB185}.Release|Any CPU.Build.0 = Release|Any CPU
	EndGlobalSection
	GlobalSection(SolutionProperties) = preSolution
		HideSolutionNode = FALSE
	EndGlobalSection
	GlobalSection(ExtensibilityGlobals) = postSolution
		SolutionGuid = {D723D1F8-73A4-4558-B068-35E789C779B7}
	EndGlobalSection
EndGlobal
